
Microsoft Visual Studio Solution File, Format Version 12.00
Project("{FAE04EC0-301F-11D3-BF4B-00C04F79EFBC}") = "FamilyMoviesLibrary", "FamilyMoviesLibrary\FamilyMoviesLibrary.csproj", "{8599EE70-E274-4CD8-A4E7-D355A4580748}"
EndProject
Global
	GlobalSection(SolutionConfigurationPlatforms) = preSolution
		Debug|Any CPU = Debug|Any CPU
		Release|Any CPU = Release|Any CPU
	EndGlobalSection
	GlobalSection(ProjectConfigurationPlatforms) = postSolution
		{8599EE70-E274-4CD8-A4E7-D355A4580748}.Debug|Any CPU.ActiveCfg = Debug|Any CPU
		{8599EE70-E274-4CD8-A4E7-D355A4580748}.Debug|Any CPU.Build.0 = Debug|Any CPU
		{8599EE70-E274-4CD8-A4E7-D355A4580748}.Release|Any CPU.ActiveCfg = Release|Any CPU
		{8599EE70-E274-4CD8-A4E7-D355A4580748}.Release|Any CPU.Build.0 = Release|Any CPU
	EndGlobalSection
EndGlobal
